<?xml version="1.0" encoding="utf-8"?>
<Project ToolsVersion="4.0" xmlns="http://schemas.microsoft.com/developer/msbuild/2003">
  <ItemGroup>
    <Filter Include="Source files">
      <UniqueIdentifier>{79c6a8ba-37bb-455f-9b77-9d6175cddfa4}</UniqueIdentifier>
      <Extensions>cpp;c;cc;cxx;def;odl;idl;hpj;bat;asm;asmx</Extensions>
    </Filter>
    <Filter Include="Header files">
      <UniqueIdentifier>{232b30d5-6502-45d1-9069-9e7460e2ab62}</UniqueIdentifier>
      <Extensions>h;hpp;hxx;hm;inl;inc;xsd</Extensions>
    </Filter>
    <Filter Include="Resource files">
      <UniqueIdentifier>{ba022b86-aba2-463c-baa5-6b02aa0eeab6}</UniqueIdentifier>
      <Extensions>rc;ico;cur;bmp;dlg;rc2;rct;bin;rgs;gif;jpg;jpeg;jpe;resx;tiff;tif;png;wav</Extensions>
    </Filter>
  </ItemGroup>
  <ItemGroup>
    <ClCompile Include="..\main.c">
      <Filter>Source files</Filter>
    </ClCompile>
    <ClCompile Include="..\arp.c">
      <Filter>Source files</Filter>
    </ClCompile>
    <ClCompile Include="..\eth.c">
      <Filter>Source files</Filter>
    </ClCompile>
    <ClCompile Include="..\config.c">
      <Filter>Source files</Filter>
    </ClCompile>
    <ClCompile Include="..\ipv4.c">
      <Filter>Source files</Filter>
    </ClCompile>
    <ClCompile Include="..\tcp.c">
      <Filter>Source files</Filter>
    </ClCompile>
  </ItemGroup>
  <ItemGroup>
    <ClInclude Include="..\config.h">
      <Filter>Source files</Filter>
    </ClInclude>
    <ClInclude Include="..\tcp.h">
      <Filter>Source files</Filter>
    </ClInclude>
  </ItemGroup>
</Project>